// !$*UTF8*$!
{
	archiveVersion = 1;
	classes = {
	};
	objectVersion = 55;
	objects = {

/* Begin PBXBuildFile section */
		130DEBDE2EFFB4659290B470 /* Pods_challengeTests.framework in Frameworks */ = {isa = PBXBuildFile; fileRef = 08672E1C533F227B555ECC8C /* Pods_challengeTests.framework */; };
		185277FF6A14F07D83602A33 /* Pods_challenge_challengeUITests.framework in Frameworks */ = {isa = PBXBuildFile; fileRef = AC303890E86156562E344EDE /* Pods_challenge_challengeUITests.framework */; };
		C9600634C5DF782E76745590 /* Pods_challenge.framework in Frameworks */ = {isa = PBXBuildFile; fileRef = C20FBA88443775DFA1F45A33 /* Pods_challenge.framework */; };
		D933801F278EF8FA006D5689 /* R.generated.swift in Sources */ = {isa = PBXBuildFile; fileRef = D933801E278EF8FA006D5689 /* R.generated.swift */; };
		D9338028278F01AD006D5689 /* AppCoordinator.swift in Sources */ = {isa = PBXBuildFile; fileRef = D9338027278F01AD006D5689 /* AppCoordinator.swift */; };
		D995563E278F5DF5004029B3 /* Ingredient.swift in Sources */ = {isa = PBXBuildFile; fileRef = D995561F278F5DF5004029B3 /* Ingredient.swift */; };
		D995563F278F5DF5004029B3 /* AddIngredientError.swift in Sources */ = {isa = PBXBuildFile; fileRef = D9955620278F5DF5004029B3 /* AddIngredientError.swift */; };
		D9955640278F5DF5004029B3 /* AddIngredientValidator.swift in Sources */ = {isa = PBXBuildFile; fileRef = D9955622278F5DF5004029B3 /* AddIngredientValidator.swift */; };
		D9955641278F5DF5004029B3 /* ExtractIngredientService.swift in Sources */ = {isa = PBXBuildFile; fileRef = D9955623278F5DF5004029B3 /* ExtractIngredientService.swift */; };
		D9955642278F5DF5004029B3 /* DomainProtocol.swift in Sources */ = {isa = PBXBuildFile; fileRef = D9955624278F5DF5004029B3 /* DomainProtocol.swift */; };
		D9955643278F5DF5004029B3 /* AddIngredientUseCase.swift in Sources */ = {isa = PBXBuildFile; fileRef = D9955626278F5DF5004029B3 /* AddIngredientUseCase.swift */; };
		D9955644278F5DF5004029B3 /* AddIngredientViewModel.swift in Sources */ = {isa = PBXBuildFile; fileRef = D9955629278F5DF5004029B3 /* AddIngredientViewModel.swift */; };
		D9955645278F5DF5004029B3 /* AddIngredientPresentationProtocol.swift in Sources */ = {isa = PBXBuildFile; fileRef = D995562A278F5DF5004029B3 /* AddIngredientPresentationProtocol.swift */; };
		D9955646278F5DF5004029B3 /* AddIngredientCoordinator.swift in Sources */ = {isa = PBXBuildFile; fileRef = D995562C278F5DF5004029B3 /* AddIngredientCoordinator.swift */; };
		D9955647278F5DF5004029B3 /* AddIngredientConfigurator.swift in Sources */ = {isa = PBXBuildFile; fileRef = D995562E278F5DF5004029B3 /* AddIngredientConfigurator.swift */; };
		D9955648278F5DF5004029B3 /* AddIngredient.storyboard in Resources */ = {isa = PBXBuildFile; fileRef = D9955631278F5DF5004029B3 /* AddIngredient.storyboard */; };
		D9955649278F5DF5004029B3 /* AddIngredientViewController.swift in Sources */ = {isa = PBXBuildFile; fileRef = D9955633278F5DF5004029B3 /* AddIngredientViewController.swift */; };
		D995564A278F5DF5004029B3 /* IngredientDetailsPresentationProtocol.swift in Sources */ = {isa = PBXBuildFile; fileRef = D9955636278F5DF5004029B3 /* IngredientDetailsPresentationProtocol.swift */; };
		D995564B278F5DF5004029B3 /* IngrediantDetailsCoordinator.swift in Sources */ = {isa = PBXBuildFile; fileRef = D9955638278F5DF5004029B3 /* IngrediantDetailsCoordinator.swift */; };
		D995564C278F5DF5004029B3 /* IngredientDetails.storyboard in Resources */ = {isa = PBXBuildFile; fileRef = D995563B278F5DF5004029B3 /* IngredientDetails.storyboard */; };
		D995564D278F5DF5004029B3 /* IngredientDetailsViewController.swift in Sources */ = {isa = PBXBuildFile; fileRef = D995563D278F5DF5004029B3 /* IngredientDetailsViewController.swift */; };
		D9F67F08278C6E3400B27F8F /* AppDelegate.swift in Sources */ = {isa = PBXBuildFile; fileRef = D9F67F07278C6E3400B27F8F /* AppDelegate.swift */; };
		D9F67F0A278C6E3400B27F8F /* SceneDelegate.swift in Sources */ = {isa = PBXBuildFile; fileRef = D9F67F09278C6E3400B27F8F /* SceneDelegate.swift */; };
		D9F67F0C278C6E3400B27F8F /* ViewController.swift in Sources */ = {isa = PBXBuildFile; fileRef = D9F67F0B278C6E3400B27F8F /* ViewController.swift */; };
		D9F67F0F278C6E3400B27F8F /* Main.storyboard in Resources */ = {isa = PBXBuildFile; fileRef = D9F67F0D278C6E3400B27F8F /* Main.storyboard */; };
		D9F67F12278C6E3400B27F8F /* challenge.xcdatamodeld in Sources */ = {isa = PBXBuildFile; fileRef = D9F67F10278C6E3400B27F8F /* challenge.xcdatamodeld */; };
		D9F67F14278C6E3600B27F8F /* Assets.xcassets in Resources */ = {isa = PBXBuildFile; fileRef = D9F67F13278C6E3600B27F8F /* Assets.xcassets */; };
		D9F67F17278C6E3600B27F8F /* LaunchScreen.storyboard in Resources */ = {isa = PBXBuildFile; fileRef = D9F67F15278C6E3600B27F8F /* LaunchScreen.storyboard */; };
		D9F67F22278C6E3600B27F8F /* challengeTests.swift in Sources */ = {isa = PBXBuildFile; fileRef = D9F67F21278C6E3600B27F8F /* challengeTests.swift */; };
		D9F67F2C278C6E3600B27F8F /* challengeUITests.swift in Sources */ = {isa = PBXBuildFile; fileRef = D9F67F2B278C6E3600B27F8F /* challengeUITests.swift */; };
		D9F67F2E278C6E3600B27F8F /* challengeUITestsLaunchTests.swift in Sources */ = {isa = PBXBuildFile; fileRef = D9F67F2D278C6E3600B27F8F /* challengeUITestsLaunchTests.swift */; };
		D9F67F3F278C78FF00B27F8F /* Coordinating.swift in Sources */ = {isa = PBXBuildFile; fileRef = D9F67F3E278C78FF00B27F8F /* Coordinating.swift */; };
/* End PBXBuildFile section */

/* Begin PBXContainerItemProxy section */
		D9F67F1E278C6E3600B27F8F /* PBXContainerItemProxy */ = {
			isa = PBXContainerItemProxy;
			containerPortal = D9F67EFC278C6E3400B27F8F /* Project object */;
			proxyType = 1;
			remoteGlobalIDString = D9F67F03278C6E3400B27F8F;
			remoteInfo = challenge;
		};
		D9F67F28278C6E3600B27F8F /* PBXContainerItemProxy */ = {
			isa = PBXContainerItemProxy;
			containerPortal = D9F67EFC278C6E3400B27F8F /* Project object */;
			proxyType = 1;
			remoteGlobalIDString = D9F67F03278C6E3400B27F8F;
			remoteInfo = challenge;
		};
/* End PBXContainerItemProxy section */

/* Begin PBXFileReference section */
		08672E1C533F227B555ECC8C /* Pods_challengeTests.framework */ = {isa = PBXFileReference; explicitFileType = wrapper.framework; includeInIndex = 0; path = Pods_challengeTests.framework; sourceTree = BUILT_PRODUCTS_DIR; };
		3D6E3EBA5DA135C9DD92D87D /* Pods-challengeTests.debug.xcconfig */ = {isa = PBXFileReference; includeInIndex = 1; lastKnownFileType = text.xcconfig; name = "Pods-challengeTests.debug.xcconfig"; path = "Target Support Files/Pods-challengeTests/Pods-challengeTests.debug.xcconfig"; sourceTree = "<group>"; };
		7DF2376DC05F08EDA3EC9F16 /* Pods-challengeTests.release.xcconfig */ = {isa = PBXFileReference; includeInIndex = 1; lastKnownFileType = text.xcconfig; name = "Pods-challengeTests.release.xcconfig"; path = "Target Support Files/Pods-challengeTests/Pods-challengeTests.release.xcconfig"; sourceTree = "<group>"; };
		9C98FC935EF7665FEF1823B8 /* Pods-challenge-challengeUITests.debug.xcconfig */ = {isa = PBXFileReference; includeInIndex = 1; lastKnownFileType = text.xcconfig; name = "Pods-challenge-challengeUITests.debug.xcconfig"; path = "Target Support Files/Pods-challenge-challengeUITests/Pods-challenge-challengeUITests.debug.xcconfig"; sourceTree = "<group>"; };
		A37D4CF96013D1DB7440303A /* Pods-challenge-challengeUITests.release.xcconfig */ = {isa = PBXFileReference; includeInIndex = 1; lastKnownFileType = text.xcconfig; name = "Pods-challenge-challengeUITests.release.xcconfig"; path = "Target Support Files/Pods-challenge-challengeUITests/Pods-challenge-challengeUITests.release.xcconfig"; sourceTree = "<group>"; };
		AC303890E86156562E344EDE /* Pods_challenge_challengeUITests.framework */ = {isa = PBXFileReference; explicitFileType = wrapper.framework; includeInIndex = 0; path = Pods_challenge_challengeUITests.framework; sourceTree = BUILT_PRODUCTS_DIR; };
		C20FBA88443775DFA1F45A33 /* Pods_challenge.framework */ = {isa = PBXFileReference; explicitFileType = wrapper.framework; includeInIndex = 0; path = Pods_challenge.framework; sourceTree = BUILT_PRODUCTS_DIR; };
		D933801E278EF8FA006D5689 /* R.generated.swift */ = {isa = PBXFileReference; fileEncoding = 4; lastKnownFileType = sourcecode.swift; path = R.generated.swift; sourceTree = SOURCE_ROOT; };
		D9338027278F01AD006D5689 /* AppCoordinator.swift */ = {isa = PBXFileReference; lastKnownFileType = sourcecode.swift; path = AppCoordinator.swift; sourceTree = "<group>"; };
		D995561F278F5DF5004029B3 /* Ingredient.swift */ = {isa = PBXFileReference; fileEncoding = 4; lastKnownFileType = sourcecode.swift; path = Ingredient.swift; sourceTree = "<group>"; };
		D9955620278F5DF5004029B3 /* AddIngredientError.swift */ = {isa = PBXFileReference; fileEncoding = 4; lastKnownFileType = sourcecode.swift; path = AddIngredientError.swift; sourceTree = "<group>"; };
		D9955622278F5DF5004029B3 /* AddIngredientValidator.swift */ = {isa = PBXFileReference; fileEncoding = 4; lastKnownFileType = sourcecode.swift; path = AddIngredientValidator.swift; sourceTree = "<group>"; };
		D9955623278F5DF5004029B3 /* ExtractIngredientService.swift */ = {isa = PBXFileReference; fileEncoding = 4; lastKnownFileType = sourcecode.swift; path = ExtractIngredientService.swift; sourceTree = "<group>"; };
		D9955624278F5DF5004029B3 /* DomainProtocol.swift */ = {isa = PBXFileReference; fileEncoding = 4; lastKnownFileType = sourcecode.swift; path = DomainProtocol.swift; sourceTree = "<group>"; };
		D9955626278F5DF5004029B3 /* AddIngredientUseCase.swift */ = {isa = PBXFileReference; fileEncoding = 4; lastKnownFileType = sourcecode.swift; path = AddIngredientUseCase.swift; sourceTree = "<group>"; };
		D9955629278F5DF5004029B3 /* AddIngredientViewModel.swift */ = {isa = PBXFileReference; fileEncoding = 4; lastKnownFileType = sourcecode.swift; path = AddIngredientViewModel.swift; sourceTree = "<group>"; };
		D995562A278F5DF5004029B3 /* AddIngredientPresentationProtocol.swift */ = {isa = PBXFileReference; fileEncoding = 4; lastKnownFileType = sourcecode.swift; path = AddIngredientPresentationProtocol.swift; sourceTree = "<group>"; };
		D995562C278F5DF5004029B3 /* AddIngredientCoordinator.swift */ = {isa = PBXFileReference; fileEncoding = 4; lastKnownFileType = sourcecode.swift; path = AddIngredientCoordinator.swift; sourceTree = "<group>"; };
		D995562E278F5DF5004029B3 /* AddIngredientConfigurator.swift */ = {isa = PBXFileReference; fileEncoding = 4; lastKnownFileType = sourcecode.swift; path = AddIngredientConfigurator.swift; sourceTree = "<group>"; };
		D9955631278F5DF5004029B3 /* AddIngredient.storyboard */ = {isa = PBXFileReference; fileEncoding = 4; lastKnownFileType = file.storyboard; path = AddIngredient.storyboard; sourceTree = "<group>"; };
		D9955633278F5DF5004029B3 /* AddIngredientViewController.swift */ = {isa = PBXFileReference; fileEncoding = 4; lastKnownFileType = sourcecode.swift; path = AddIngredientViewController.swift; sourceTree = "<group>"; };
		D9955636278F5DF5004029B3 /* IngredientDetailsPresentationProtocol.swift */ = {isa = PBXFileReference; fileEncoding = 4; lastKnownFileType = sourcecode.swift; path = IngredientDetailsPresentationProtocol.swift; sourceTree = "<group>"; };
		D9955638278F5DF5004029B3 /* IngrediantDetailsCoordinator.swift */ = {isa = PBXFileReference; fileEncoding = 4; lastKnownFileType = sourcecode.swift; path = IngrediantDetailsCoordinator.swift; sourceTree = "<group>"; };
		D995563B278F5DF5004029B3 /* IngredientDetails.storyboard */ = {isa = PBXFileReference; fileEncoding = 4; lastKnownFileType = file.storyboard; path = IngredientDetails.storyboard; sourceTree = "<group>"; };
		D995563D278F5DF5004029B3 /* IngredientDetailsViewController.swift */ = {isa = PBXFileReference; fileEncoding = 4; lastKnownFileType = sourcecode.swift; path = IngredientDetailsViewController.swift; sourceTree = "<group>"; };
		D9F67F04278C6E3400B27F8F /* challenge.app */ = {isa = PBXFileReference; explicitFileType = wrapper.application; includeInIndex = 0; path = challenge.app; sourceTree = BUILT_PRODUCTS_DIR; };
		D9F67F07278C6E3400B27F8F /* AppDelegate.swift */ = {isa = PBXFileReference; lastKnownFileType = sourcecode.swift; path = AppDelegate.swift; sourceTree = "<group>"; };
		D9F67F09278C6E3400B27F8F /* SceneDelegate.swift */ = {isa = PBXFileReference; lastKnownFileType = sourcecode.swift; path = SceneDelegate.swift; sourceTree = "<group>"; };
		D9F67F0B278C6E3400B27F8F /* ViewController.swift */ = {isa = PBXFileReference; lastKnownFileType = sourcecode.swift; path = ViewController.swift; sourceTree = "<group>"; };
		D9F67F0E278C6E3400B27F8F /* Base */ = {isa = PBXFileReference; lastKnownFileType = file.storyboard; name = Base; path = Base.lproj/Main.storyboard; sourceTree = "<group>"; };
		D9F67F11278C6E3400B27F8F /* challenge.xcdatamodel */ = {isa = PBXFileReference; lastKnownFileType = wrapper.xcdatamodel; path = challenge.xcdatamodel; sourceTree = "<group>"; };
		D9F67F13278C6E3600B27F8F /* Assets.xcassets */ = {isa = PBXFileReference; lastKnownFileType = folder.assetcatalog; path = Assets.xcassets; sourceTree = "<group>"; };
		D9F67F16278C6E3600B27F8F /* Base */ = {isa = PBXFileReference; lastKnownFileType = file.storyboard; name = Base; path = Base.lproj/LaunchScreen.storyboard; sourceTree = "<group>"; };
		D9F67F18278C6E3600B27F8F /* Info.plist */ = {isa = PBXFileReference; lastKnownFileType = text.plist.xml; path = Info.plist; sourceTree = "<group>"; };
		D9F67F1D278C6E3600B27F8F /* challengeTests.xctest */ = {isa = PBXFileReference; explicitFileType = wrapper.cfbundle; includeInIndex = 0; path = challengeTests.xctest; sourceTree = BUILT_PRODUCTS_DIR; };
		D9F67F21278C6E3600B27F8F /* challengeTests.swift */ = {isa = PBXFileReference; lastKnownFileType = sourcecode.swift; path = challengeTests.swift; sourceTree = "<group>"; };
		D9F67F27278C6E3600B27F8F /* challengeUITests.xctest */ = {isa = PBXFileReference; explicitFileType = wrapper.cfbundle; includeInIndex = 0; path = challengeUITests.xctest; sourceTree = BUILT_PRODUCTS_DIR; };
		D9F67F2B278C6E3600B27F8F /* challengeUITests.swift */ = {isa = PBXFileReference; lastKnownFileType = sourcecode.swift; path = challengeUITests.swift; sourceTree = "<group>"; };
		D9F67F2D278C6E3600B27F8F /* challengeUITestsLaunchTests.swift */ = {isa = PBXFileReference; lastKnownFileType = sourcecode.swift; path = challengeUITestsLaunchTests.swift; sourceTree = "<group>"; };
		D9F67F3E278C78FF00B27F8F /* Coordinating.swift */ = {isa = PBXFileReference; lastKnownFileType = sourcecode.swift; path = Coordinating.swift; sourceTree = "<group>"; };
		F3D44CE2171FA17C46449BF8 /* Pods-challenge.release.xcconfig */ = {isa = PBXFileReference; includeInIndex = 1; lastKnownFileType = text.xcconfig; name = "Pods-challenge.release.xcconfig"; path = "Target Support Files/Pods-challenge/Pods-challenge.release.xcconfig"; sourceTree = "<group>"; };
		F884EA618CD9628A1904B49F /* Pods-challenge.debug.xcconfig */ = {isa = PBXFileReference; includeInIndex = 1; lastKnownFileType = text.xcconfig; name = "Pods-challenge.debug.xcconfig"; path = "Target Support Files/Pods-challenge/Pods-challenge.debug.xcconfig"; sourceTree = "<group>"; };
/* End PBXFileReference section */

/* Begin PBXFrameworksBuildPhase section */
		D9F67F01278C6E3400B27F8F /* Frameworks */ = {
			isa = PBXFrameworksBuildPhase;
			buildActionMask = 2147483647;
			files = (
				C9600634C5DF782E76745590 /* Pods_challenge.framework in Frameworks */,
			);
			runOnlyForDeploymentPostprocessing = 0;
		};
		D9F67F1A278C6E3600B27F8F /* Frameworks */ = {
			isa = PBXFrameworksBuildPhase;
			buildActionMask = 2147483647;
			files = (
				130DEBDE2EFFB4659290B470 /* Pods_challengeTests.framework in Frameworks */,
			);
			runOnlyForDeploymentPostprocessing = 0;
		};
		D9F67F24278C6E3600B27F8F /* Frameworks */ = {
			isa = PBXFrameworksBuildPhase;
			buildActionMask = 2147483647;
			files = (
				185277FF6A14F07D83602A33 /* Pods_challenge_challengeUITests.framework in Frameworks */,
			);
			runOnlyForDeploymentPostprocessing = 0;
		};
/* End PBXFrameworksBuildPhase section */

/* Begin PBXGroup section */
		39B7327F26A51788D11082B3 /* Pods */ = {
			isa = PBXGroup;
			children = (
				F884EA618CD9628A1904B49F /* Pods-challenge.debug.xcconfig */,
				F3D44CE2171FA17C46449BF8 /* Pods-challenge.release.xcconfig */,
				9C98FC935EF7665FEF1823B8 /* Pods-challenge-challengeUITests.debug.xcconfig */,
				A37D4CF96013D1DB7440303A /* Pods-challenge-challengeUITests.release.xcconfig */,
				3D6E3EBA5DA135C9DD92D87D /* Pods-challengeTests.debug.xcconfig */,
				7DF2376DC05F08EDA3EC9F16 /* Pods-challengeTests.release.xcconfig */,
			);
			path = Pods;
			sourceTree = "<group>";
		};
		8CB625332AB9E12488C13F1F /* Frameworks */ = {
			isa = PBXGroup;
			children = (
				C20FBA88443775DFA1F45A33 /* Pods_challenge.framework */,
				AC303890E86156562E344EDE /* Pods_challenge_challengeUITests.framework */,
				08672E1C533F227B555ECC8C /* Pods_challengeTests.framework */,
			);
			name = Frameworks;
			sourceTree = "<group>";
		};
		D995561A278F5DF5004029B3 /* Feature */ = {
			isa = PBXGroup;
			children = (
				D995561B278F5DF5004029B3 /* AddIngredient */,
				D9955634278F5DF5004029B3 /* IngredientDetails */,
			);
			path = Feature;
			sourceTree = "<group>";
		};
		D995561B278F5DF5004029B3 /* AddIngredient */ = {
			isa = PBXGroup;
			children = (
				D995561C278F5DF5004029B3 /* New Group */,
				D995561D278F5DF5004029B3 /* Domain */,
				D9955627278F5DF5004029B3 /* Presentation */,
			);
			path = AddIngredient;
			sourceTree = "<group>";
		};
		D995561C278F5DF5004029B3 /* New Group */ = {
			isa = PBXGroup;
			children = (
			);
			path = "New Group";
			sourceTree = "<group>";
		};
		D995561D278F5DF5004029B3 /* Domain */ = {
			isa = PBXGroup;
			children = (
				D995561E278F5DF5004029B3 /* Entity */,
				D9955621278F5DF5004029B3 /* Logic */,
				D9955624278F5DF5004029B3 /* DomainProtocol.swift */,
				D9955625278F5DF5004029B3 /* UseCase */,
			);
			path = Domain;
			sourceTree = "<group>";
		};
		D995561E278F5DF5004029B3 /* Entity */ = {
			isa = PBXGroup;
			children = (
				D995561F278F5DF5004029B3 /* Ingredient.swift */,
				D9955620278F5DF5004029B3 /* AddIngredientError.swift */,
			);
			path = Entity;
			sourceTree = "<group>";
		};
		D9955621278F5DF5004029B3 /* Logic */ = {
			isa = PBXGroup;
			children = (
				D9955622278F5DF5004029B3 /* AddIngredientValidator.swift */,
				D9955623278F5DF5004029B3 /* ExtractIngredientService.swift */,
			);
			path = Logic;
			sourceTree = "<group>";
		};
		D9955625278F5DF5004029B3 /* UseCase */ = {
			isa = PBXGroup;
			children = (
				D9955626278F5DF5004029B3 /* AddIngredientUseCase.swift */,
			);
			path = UseCase;
			sourceTree = "<group>";
		};
		D9955627278F5DF5004029B3 /* Presentation */ = {
			isa = PBXGroup;
			children = (
				D9955628278F5DF5004029B3 /* ViewModel */,
				D995562A278F5DF5004029B3 /* AddIngredientPresentationProtocol.swift */,
				D995562B278F5DF5004029B3 /* Coordinator */,
				D995562D278F5DF5004029B3 /* DI */,
				D995562F278F5DF5004029B3 /* View */,
			);
			path = Presentation;
			sourceTree = "<group>";
		};
		D9955628278F5DF5004029B3 /* ViewModel */ = {
			isa = PBXGroup;
			children = (
				D9955629278F5DF5004029B3 /* AddIngredientViewModel.swift */,
			);
			path = ViewModel;
			sourceTree = "<group>";
		};
		D995562B278F5DF5004029B3 /* Coordinator */ = {
			isa = PBXGroup;
			children = (
				D995562C278F5DF5004029B3 /* AddIngredientCoordinator.swift */,
			);
			path = Coordinator;
			sourceTree = "<group>";
		};
		D995562D278F5DF5004029B3 /* DI */ = {
			isa = PBXGroup;
			children = (
				D995562E278F5DF5004029B3 /* AddIngredientConfigurator.swift */,
			);
			path = DI;
			sourceTree = "<group>";
		};
		D995562F278F5DF5004029B3 /* View */ = {
			isa = PBXGroup;
			children = (
				D9955630278F5DF5004029B3 /* Design */,
				D9955632278F5DF5004029B3 /* Controller */,
			);
			path = View;
			sourceTree = "<group>";
		};
		D9955630278F5DF5004029B3 /* Design */ = {
			isa = PBXGroup;
			children = (
				D9955631278F5DF5004029B3 /* AddIngredient.storyboard */,
			);
			path = Design;
			sourceTree = "<group>";
		};
		D9955632278F5DF5004029B3 /* Controller */ = {
			isa = PBXGroup;
			children = (
				D9955633278F5DF5004029B3 /* AddIngredientViewController.swift */,
			);
			path = Controller;
			sourceTree = "<group>";
		};
		D9955634278F5DF5004029B3 /* IngredientDetails */ = {
			isa = PBXGroup;
			children = (
				D9955635278F5DF5004029B3 /* Presentation */,
			);
			path = IngredientDetails;
			sourceTree = "<group>";
		};
		D9955635278F5DF5004029B3 /* Presentation */ = {
			isa = PBXGroup;
			children = (
				D9955636278F5DF5004029B3 /* IngredientDetailsPresentationProtocol.swift */,
				D9955637278F5DF5004029B3 /* Coordinator */,
				D9955639278F5DF5004029B3 /* View */,
			);
			path = Presentation;
			sourceTree = "<group>";
		};
		D9955637278F5DF5004029B3 /* Coordinator */ = {
			isa = PBXGroup;
			children = (
				D9955638278F5DF5004029B3 /* IngrediantDetailsCoordinator.swift */,
			);
			path = Coordinator;
			sourceTree = "<group>";
		};
		D9955639278F5DF5004029B3 /* View */ = {
			isa = PBXGroup;
			children = (
				D995563A278F5DF5004029B3 /* Design */,
				D995563C278F5DF5004029B3 /* Controller */,
			);
			path = View;
			sourceTree = "<group>";
		};
		D995563A278F5DF5004029B3 /* Design */ = {
			isa = PBXGroup;
			children = (
				D995563B278F5DF5004029B3 /* IngredientDetails.storyboard */,
			);
			path = Design;
			sourceTree = "<group>";
		};
		D995563C278F5DF5004029B3 /* Controller */ = {
			isa = PBXGroup;
			children = (
				D995563D278F5DF5004029B3 /* IngredientDetailsViewController.swift */,
			);
			path = Controller;
			sourceTree = "<group>";
		};
		D9F67EFB278C6E3400B27F8F = {
			isa = PBXGroup;
			children = (
				D9F67F06278C6E3400B27F8F /* challenge */,
				D9F67F20278C6E3600B27F8F /* challengeTests */,
				D9F67F2A278C6E3600B27F8F /* challengeUITests */,
				D9F67F05278C6E3400B27F8F /* Products */,
				39B7327F26A51788D11082B3 /* Pods */,
				8CB625332AB9E12488C13F1F /* Frameworks */,
			);
			sourceTree = "<group>";
		};
		D9F67F05278C6E3400B27F8F /* Products */ = {
			isa = PBXGroup;
			children = (
				D9F67F04278C6E3400B27F8F /* challenge.app */,
				D9F67F1D278C6E3600B27F8F /* challengeTests.xctest */,
				D9F67F27278C6E3600B27F8F /* challengeUITests.xctest */,
			);
			name = Products;
			sourceTree = "<group>";
		};
		D9F67F06278C6E3400B27F8F /* challenge */ = {
			isa = PBXGroup;
			children = (
				D933801E278EF8FA006D5689 /* R.generated.swift */,
				D995561A278F5DF5004029B3 /* Feature */,
				D9F67F3C278C78CB00B27F8F /* SupportingFiles */,
				D9F67F07278C6E3400B27F8F /* AppDelegate.swift */,
				D9F67F09278C6E3400B27F8F /* SceneDelegate.swift */,
				D9F67F0B278C6E3400B27F8F /* ViewController.swift */,
				D9F67F0D278C6E3400B27F8F /* Main.storyboard */,
				D9F67F13278C6E3600B27F8F /* Assets.xcassets */,
				D9F67F15278C6E3600B27F8F /* LaunchScreen.storyboard */,
				D9F67F18278C6E3600B27F8F /* Info.plist */,
				D9F67F10278C6E3400B27F8F /* challenge.xcdatamodeld */,
			);
			path = challenge;
			sourceTree = "<group>";
		};
		D9F67F20278C6E3600B27F8F /* challengeTests */ = {
			isa = PBXGroup;
			children = (
				D9F67F21278C6E3600B27F8F /* challengeTests.swift */,
			);
			path = challengeTests;
			sourceTree = "<group>";
		};
		D9F67F2A278C6E3600B27F8F /* challengeUITests */ = {
			isa = PBXGroup;
			children = (
				D9F67F2B278C6E3600B27F8F /* challengeUITests.swift */,
				D9F67F2D278C6E3600B27F8F /* challengeUITestsLaunchTests.swift */,
			);
			path = challengeUITests;
			sourceTree = "<group>";
		};
		D9F67F3C278C78CB00B27F8F /* SupportingFiles */ = {
			isa = PBXGroup;
			children = (
				D9F67F3D278C78D800B27F8F /* Core */,
			);
			path = SupportingFiles;
			sourceTree = "<group>";
		};
		D9F67F3D278C78D800B27F8F /* Core */ = {
			isa = PBXGroup;
			children = (
				D9F67F3E278C78FF00B27F8F /* Coordinating.swift */,
				D9338027278F01AD006D5689 /* AppCoordinator.swift */,
			);
			path = Core;
			sourceTree = "<group>";
		};
/* End PBXGroup section */

/* Begin PBXNativeTarget section */
		D9F67F03278C6E3400B27F8F /* challenge */ = {
			isa = PBXNativeTarget;
			buildConfigurationList = D9F67F31278C6E3600B27F8F /* Build configuration list for PBXNativeTarget "challenge" */;
			buildPhases = (
				DE787FA65D2C452C9E810057 /* [CP] Check Pods Manifest.lock */,
				D933801D278EF864006D5689 /* ShellScript */,
				D9F67F00278C6E3400B27F8F /* Sources */,
				D9F67F01278C6E3400B27F8F /* Frameworks */,
				D9F67F02278C6E3400B27F8F /* Resources */,
				623F911841484A57ED30E09B /* [CP] Embed Pods Frameworks */,
			);
			buildRules = (
			);
			dependencies = (
			);
			name = challenge;
			productName = challenge;
			productReference = D9F67F04278C6E3400B27F8F /* challenge.app */;
			productType = "com.apple.product-type.application";
		};
		D9F67F1C278C6E3600B27F8F /* challengeTests */ = {
			isa = PBXNativeTarget;
			buildConfigurationList = D9F67F34278C6E3600B27F8F /* Build configuration list for PBXNativeTarget "challengeTests" */;
			buildPhases = (
				49C8F0B2BEDC420E52FECF3F /* [CP] Check Pods Manifest.lock */,
				D9F67F19278C6E3600B27F8F /* Sources */,
				D9F67F1A278C6E3600B27F8F /* Frameworks */,
				D9F67F1B278C6E3600B27F8F /* Resources */,
				BBD7337A2CC0344068111DB5 /* [CP] Embed Pods Frameworks */,
			);
			buildRules = (
			);
			dependencies = (
				D9F67F1F278C6E3600B27F8F /* PBXTargetDependency */,
			);
			name = challengeTests;
			productName = challengeTests;
			productReference = D9F67F1D278C6E3600B27F8F /* challengeTests.xctest */;
			productType = "com.apple.product-type.bundle.unit-test";
		};
		D9F67F26278C6E3600B27F8F /* challengeUITests */ = {
			isa = PBXNativeTarget;
			buildConfigurationList = D9F67F37278C6E3600B27F8F /* Build configuration list for PBXNativeTarget "challengeUITests" */;
			buildPhases = (
				3EAFD97455993D72B0BFB800 /* [CP] Check Pods Manifest.lock */,
				D9F67F23278C6E3600B27F8F /* Sources */,
				D9F67F24278C6E3600B27F8F /* Frameworks */,
				D9F67F25278C6E3600B27F8F /* Resources */,
				D21EB7DCFA9BCF59B4E0A71A /* [CP] Embed Pods Frameworks */,
			);
			buildRules = (
			);
			dependencies = (
				D9F67F29278C6E3600B27F8F /* PBXTargetDependency */,
			);
			name = challengeUITests;
			productName = challengeUITests;
			productReference = D9F67F27278C6E3600B27F8F /* challengeUITests.xctest */;
			productType = "com.apple.product-type.bundle.ui-testing";
		};
/* End PBXNativeTarget section */

/* Begin PBXProject section */
		D9F67EFC278C6E3400B27F8F /* Project object */ = {
			isa = PBXProject;
			attributes = {
				BuildIndependentTargetsInParallel = 1;
				LastSwiftUpdateCheck = 1310;
				LastUpgradeCheck = 1310;
				TargetAttributes = {
					D9F67F03278C6E3400B27F8F = {
						CreatedOnToolsVersion = 13.1;
					};
					D9F67F1C278C6E3600B27F8F = {
						CreatedOnToolsVersion = 13.1;
						TestTargetID = D9F67F03278C6E3400B27F8F;
					};
					D9F67F26278C6E3600B27F8F = {
						CreatedOnToolsVersion = 13.1;
						TestTargetID = D9F67F03278C6E3400B27F8F;
					};
				};
			};
			buildConfigurationList = D9F67EFF278C6E3400B27F8F /* Build configuration list for PBXProject "challenge" */;
			compatibilityVersion = "Xcode 13.0";
			developmentRegion = en;
			hasScannedForEncodings = 0;
			knownRegions = (
				en,
				Base,
			);
			mainGroup = D9F67EFB278C6E3400B27F8F;
			productRefGroup = D9F67F05278C6E3400B27F8F /* Products */;
			projectDirPath = "";
			projectRoot = "";
			targets = (
				D9F67F03278C6E3400B27F8F /* challenge */,
				D9F67F1C278C6E3600B27F8F /* challengeTests */,
				D9F67F26278C6E3600B27F8F /* challengeUITests */,
			);
		};
/* End PBXProject section */

/* Begin PBXResourcesBuildPhase section */
		D9F67F02278C6E3400B27F8F /* Resources */ = {
			isa = PBXResourcesBuildPhase;
			buildActionMask = 2147483647;
			files = (
				D9F67F17278C6E3600B27F8F /* LaunchScreen.storyboard in Resources */,
				D9955648278F5DF5004029B3 /* AddIngredient.storyboard in Resources */,
				D995564C278F5DF5004029B3 /* IngredientDetails.storyboard in Resources */,
				D9F67F14278C6E3600B27F8F /* Assets.xcassets in Resources */,
				D9F67F0F278C6E3400B27F8F /* Main.storyboard in Resources */,
			);
			runOnlyForDeploymentPostprocessing = 0;
		};
		D9F67F1B278C6E3600B27F8F /* Resources */ = {
			isa = PBXResourcesBuildPhase;
			buildActionMask = 2147483647;
			files = (
			);
			runOnlyForDeploymentPostprocessing = 0;
		};
		D9F67F25278C6E3600B27F8F /* Resources */ = {
			isa = PBXResourcesBuildPhase;
			buildActionMask = 2147483647;
			files = (
			);
			runOnlyForDeploymentPostprocessing = 0;
		};
/* End PBXResourcesBuildPhase section */

/* Begin PBXShellScriptBuildPhase section */
		3EAFD97455993D72B0BFB800 /* [CP] Check Pods Manifest.lock */ = {
			isa = PBXShellScriptBuildPhase;
			buildActionMask = 2147483647;
			files = (
			);
			inputFileListPaths = (
			);
			inputPaths = (
				"${PODS_PODFILE_DIR_PATH}/Podfile.lock",
				"${PODS_ROOT}/Manifest.lock",
			);
			name = "[CP] Check Pods Manifest.lock";
			outputFileListPaths = (
			);
			outputPaths = (
				"$(DERIVED_FILE_DIR)/Pods-challenge-challengeUITests-checkManifestLockResult.txt",
			);
			runOnlyForDeploymentPostprocessing = 0;
			shellPath = /bin/sh;
			shellScript = "diff \"${PODS_PODFILE_DIR_PATH}/Podfile.lock\" \"${PODS_ROOT}/Manifest.lock\" > /dev/null\nif [ $? != 0 ] ; then\n    # print error to STDERR\n    echo \"error: The sandbox is not in sync with the Podfile.lock. Run 'pod install' or update your CocoaPods installation.\" >&2\n    exit 1\nfi\n# This output is used by Xcode 'outputs' to avoid re-running this script phase.\necho \"SUCCESS\" > \"${SCRIPT_OUTPUT_FILE_0}\"\n";
			showEnvVarsInLog = 0;
		};
		49C8F0B2BEDC420E52FECF3F /* [CP] Check Pods Manifest.lock */ = {
			isa = PBXShellScriptBuildPhase;
			buildActionMask = 2147483647;
			files = (
			);
			inputFileListPaths = (
			);
			inputPaths = (
				"${PODS_PODFILE_DIR_PATH}/Podfile.lock",
				"${PODS_ROOT}/Manifest.lock",
			);
			name = "[CP] Check Pods Manifest.lock";
			outputFileListPaths = (
			);
			outputPaths = (
				"$(DERIVED_FILE_DIR)/Pods-challengeTests-checkManifestLockResult.txt",
			);
			runOnlyForDeploymentPostprocessing = 0;
			shellPath = /bin/sh;
			shellScript = "diff \"${PODS_PODFILE_DIR_PATH}/Podfile.lock\" \"${PODS_ROOT}/Manifest.lock\" > /dev/null\nif [ $? != 0 ] ; then\n    # print error to STDERR\n    echo \"error: The sandbox is not in sync with the Podfile.lock. Run 'pod install' or update your CocoaPods installation.\" >&2\n    exit 1\nfi\n# This output is used by Xcode 'outputs' to avoid re-running this script phase.\necho \"SUCCESS\" > \"${SCRIPT_OUTPUT_FILE_0}\"\n";
			showEnvVarsInLog = 0;
		};
		623F911841484A57ED30E09B /* [CP] Embed Pods Frameworks */ = {
			isa = PBXShellScriptBuildPhase;
			buildActionMask = 2147483647;
			files = (
			);
			inputFileListPaths = (
				"${PODS_ROOT}/Target Support Files/Pods-challenge/Pods-challenge-frameworks-${CONFIGURATION}-input-files.xcfilelist",
			);
			name = "[CP] Embed Pods Frameworks";
			outputFileListPaths = (
				"${PODS_ROOT}/Target Support Files/Pods-challenge/Pods-challenge-frameworks-${CONFIGURATION}-output-files.xcfilelist",
			);
			runOnlyForDeploymentPostprocessing = 0;
			shellPath = /bin/sh;
			shellScript = "\"${PODS_ROOT}/Target Support Files/Pods-challenge/Pods-challenge-frameworks.sh\"\n";
			showEnvVarsInLog = 0;
		};
		BBD7337A2CC0344068111DB5 /* [CP] Embed Pods Frameworks */ = {
			isa = PBXShellScriptBuildPhase;
			buildActionMask = 2147483647;
			files = (
			);
			inputFileListPaths = (
				"${PODS_ROOT}/Target Support Files/Pods-challengeTests/Pods-challengeTests-frameworks-${CONFIGURATION}-input-files.xcfilelist",
			);
			name = "[CP] Embed Pods Frameworks";
			outputFileListPaths = (
				"${PODS_ROOT}/Target Support Files/Pods-challengeTests/Pods-challengeTests-frameworks-${CONFIGURATION}-output-files.xcfilelist",
			);
			runOnlyForDeploymentPostprocessing = 0;
			shellPath = /bin/sh;
			shellScript = "\"${PODS_ROOT}/Target Support Files/Pods-challengeTests/Pods-challengeTests-frameworks.sh\"\n";
			showEnvVarsInLog = 0;
		};
		D21EB7DCFA9BCF59B4E0A71A /* [CP] Embed Pods Frameworks */ = {
			isa = PBXShellScriptBuildPhase;
			buildActionMask = 2147483647;
			files = (
			);
			inputFileListPaths = (
				"${PODS_ROOT}/Target Support Files/Pods-challenge-challengeUITests/Pods-challenge-challengeUITests-frameworks-${CONFIGURATION}-input-files.xcfilelist",
			);
			name = "[CP] Embed Pods Frameworks";
			outputFileListPaths = (
				"${PODS_ROOT}/Target Support Files/Pods-challenge-challengeUITests/Pods-challenge-challengeUITests-frameworks-${CONFIGURATION}-output-files.xcfilelist",
			);
			runOnlyForDeploymentPostprocessing = 0;
			shellPath = /bin/sh;
			shellScript = "\"${PODS_ROOT}/Target Support Files/Pods-challenge-challengeUITests/Pods-challenge-challengeUITests-frameworks.sh\"\n";
			showEnvVarsInLog = 0;
		};
		D933801D278EF864006D5689 /* ShellScript */ = {
			isa = PBXShellScriptBuildPhase;
			alwaysOutOfDate = 1;
			buildActionMask = 2147483647;
			files = (
			);
			inputFileListPaths = (
			);
			inputPaths = (
				"$TEMP_DIR/rswift-lastrun",
			);
			outputFileListPaths = (
			);
			outputPaths = (
				$SRCROOT/R.generated.swift,
			);
			runOnlyForDeploymentPostprocessing = 0;
			shellPath = /bin/sh;
			shellScript = "\"$PODS_ROOT/R.swift/rswift\" generate \"$SRCROOT/R.generated.swift\"\n";
		};
		DE787FA65D2C452C9E810057 /* [CP] Check Pods Manifest.lock */ = {
			isa = PBXShellScriptBuildPhase;
			buildActionMask = 2147483647;
			files = (
			);
			inputFileListPaths = (
			);
			inputPaths = (
				"${PODS_PODFILE_DIR_PATH}/Podfile.lock",
				"${PODS_ROOT}/Manifest.lock",
			);
			name = "[CP] Check Pods Manifest.lock";
			outputFileListPaths = (
			);
			outputPaths = (
				"$(DERIVED_FILE_DIR)/Pods-challenge-checkManifestLockResult.txt",
			);
			runOnlyForDeploymentPostprocessing = 0;
			shellPath = /bin/sh;
			shellScript = "diff \"${PODS_PODFILE_DIR_PATH}/Podfile.lock\" \"${PODS_ROOT}/Manifest.lock\" > /dev/null\nif [ $? != 0 ] ; then\n    # print error to STDERR\n    echo \"error: The sandbox is not in sync with the Podfile.lock. Run 'pod install' or update your CocoaPods installation.\" >&2\n    exit 1\nfi\n# This output is used by Xcode 'outputs' to avoid re-running this script phase.\necho \"SUCCESS\" > \"${SCRIPT_OUTPUT_FILE_0}\"\n";
			showEnvVarsInLog = 0;
		};
/* End PBXShellScriptBuildPhase section */

/* Begin PBXSourcesBuildPhase section */
		D9F67F00278C6E3400B27F8F /* Sources */ = {
			isa = PBXSourcesBuildPhase;
			buildActionMask = 2147483647;
			files = (
				D995564D278F5DF5004029B3 /* IngredientDetailsViewController.swift in Sources */,
				D9955645278F5DF5004029B3 /* AddIngredientPresentationProtocol.swift in Sources */,
				D995563F278F5DF5004029B3 /* AddIngredientError.swift in Sources */,
				D9955642278F5DF5004029B3 /* DomainProtocol.swift in Sources */,
				D9955641278F5DF5004029B3 /* ExtractIngredientService.swift in Sources */,
				D9F67F0C278C6E3400B27F8F /* ViewController.swift in Sources */,
				D9955647278F5DF5004029B3 /* AddIngredientConfigurator.swift in Sources */,
				D9F67F12278C6E3400B27F8F /* challenge.xcdatamodeld in Sources */,
				D9955649278F5DF5004029B3 /* AddIngredientViewController.swift in Sources */,
				D995564B278F5DF5004029B3 /* IngrediantDetailsCoordinator.swift in Sources */,
				D933801F278EF8FA006D5689 /* R.generated.swift in Sources */,
				D9F67F3F278C78FF00B27F8F /* Coordinating.swift in Sources */,
				D9955644278F5DF5004029B3 /* AddIngredientViewModel.swift in Sources */,
				D9955640278F5DF5004029B3 /* AddIngredientValidator.swift in Sources */,
				D995563E278F5DF5004029B3 /* Ingredient.swift in Sources */,
				D9F67F08278C6E3400B27F8F /* AppDelegate.swift in Sources */,
				D995564A278F5DF5004029B3 /* IngredientDetailsPresentationProtocol.swift in Sources */,
				D9955643278F5DF5004029B3 /* AddIngredientUseCase.swift in Sources */,
				D9338028278F01AD006D5689 /* AppCoordinator.swift in Sources */,
				D9F67F0A278C6E3400B27F8F /* SceneDelegate.swift in Sources */,
				D9955646278F5DF5004029B3 /* AddIngredientCoordinator.swift in Sources */,
			);
			runOnlyForDeploymentPostprocessing = 0;
		};
		D9F67F19278C6E3600B27F8F /* Sources */ = {
			isa = PBXSourcesBuildPhase;
			buildActionMask = 2147483647;
			files = (
				D9F67F22278C6E3600B27F8F /* challengeTests.swift in Sources */,
			);
			runOnlyForDeploymentPostprocessing = 0;
		};
		D9F67F23278C6E3600B27F8F /* Sources */ = {
			isa = PBXSourcesBuildPhase;
			buildActionMask = 2147483647;
			files = (
				D9F67F2E278C6E3600B27F8F /* challengeUITestsLaunchTests.swift in Sources */,
				D9F67F2C278C6E3600B27F8F /* challengeUITests.swift in Sources */,
			);
			runOnlyForDeploymentPostprocessing = 0;
		};
/* End PBXSourcesBuildPhase section */

/* Begin PBXTargetDependency section */
		D9F67F1F278C6E3600B27F8F /* PBXTargetDependency */ = {
			isa = PBXTargetDependency;
			target = D9F67F03278C6E3400B27F8F /* challenge */;
			targetProxy = D9F67F1E278C6E3600B27F8F /* PBXContainerItemProxy */;
		};
		D9F67F29278C6E3600B27F8F /* PBXTargetDependency */ = {
			isa = PBXTargetDependency;
			target = D9F67F03278C6E3400B27F8F /* challenge */;
			targetProxy = D9F67F28278C6E3600B27F8F /* PBXContainerItemProxy */;
		};
/* End PBXTargetDependency section */

/* Begin PBXVariantGroup section */
		D9F67F0D278C6E3400B27F8F /* Main.storyboard */ = {
			isa = PBXVariantGroup;
			children = (
				D9F67F0E278C6E3400B27F8F /* Base */,
			);
			name = Main.storyboard;
			sourceTree = "<group>";
		};
		D9F67F15278C6E3600B27F8F /* LaunchScreen.storyboard */ = {
			isa = PBXVariantGroup;
			children = (
				D9F67F16278C6E3600B27F8F /* Base */,
			);
			name = LaunchScreen.storyboard;
			sourceTree = "<group>";
		};
/* End PBXVariantGroup section */

/* Begin XCBuildConfiguration section */
		D9F67F2F278C6E3600B27F8F /* Debug */ = {
			isa = XCBuildConfiguration;
			buildSettings = {
				ALWAYS_SEARCH_USER_PATHS = NO;
				CLANG_ANALYZER_NONNULL = YES;
				CLANG_ANALYZER_NUMBER_OBJECT_CONVERSION = YES_AGGRESSIVE;
				CLANG_CXX_LANGUAGE_STANDARD = "gnu++17";
				CLANG_CXX_LIBRARY = "libc++";
				CLANG_ENABLE_MODULES = YES;
				CLANG_ENABLE_OBJC_ARC = YES;
				CLANG_ENABLE_OBJC_WEAK = YES;
				CLANG_WARN_BLOCK_CAPTURE_AUTORELEASING = YES;
				CLANG_WARN_BOOL_CONVERSION = YES;
				CLANG_WARN_COMMA = YES;
				CLANG_WARN_CONSTANT_CONVERSION = YES;
				CLANG_WARN_DEPRECATED_OBJC_IMPLEMENTATIONS = YES;
				CLANG_WARN_DIRECT_OBJC_ISA_USAGE = YES_ERROR;
				CLANG_WARN_DOCUMENTATION_COMMENTS = YES;
				CLANG_WARN_EMPTY_BODY = YES;
				CLANG_WARN_ENUM_CONVERSION = YES;
				CLANG_WARN_INFINITE_RECURSION = YES;
				CLANG_WARN_INT_CONVERSION = YES;
				CLANG_WARN_NON_LITERAL_NULL_CONVERSION = YES;
				CLANG_WARN_OBJC_IMPLICIT_RETAIN_SELF = YES;
				CLANG_WARN_OBJC_LITERAL_CONVERSION = YES;
				CLANG_WARN_OBJC_ROOT_CLASS = YES_ERROR;
				CLANG_WARN_QUOTED_INCLUDE_IN_FRAMEWORK_HEADER = YES;
				CLANG_WARN_RANGE_LOOP_ANALYSIS = YES;
				CLANG_WARN_STRICT_PROTOTYPES = YES;
				CLANG_WARN_SUSPICIOUS_MOVE = YES;
				CLANG_WARN_UNGUARDED_AVAILABILITY = YES_AGGRESSIVE;
				CLANG_WARN_UNREACHABLE_CODE = YES;
				CLANG_WARN__DUPLICATE_METHOD_MATCH = YES;
				COPY_PHASE_STRIP = NO;
				DEBUG_INFORMATION_FORMAT = dwarf;
				ENABLE_STRICT_OBJC_MSGSEND = YES;
				ENABLE_TESTABILITY = YES;
				GCC_C_LANGUAGE_STANDARD = gnu11;
				GCC_DYNAMIC_NO_PIC = NO;
				GCC_NO_COMMON_BLOCKS = YES;
				GCC_OPTIMIZATION_LEVEL = 0;
				GCC_PREPROCESSOR_DEFINITIONS = (
					"DEBUG=1",
					"$(inherited)",
				);
				GCC_WARN_64_TO_32_BIT_CONVERSION = YES;
				GCC_WARN_ABOUT_RETURN_TYPE = YES_ERROR;
				GCC_WARN_UNDECLARED_SELECTOR = YES;
				GCC_WARN_UNINITIALIZED_AUTOS = YES_AGGRESSIVE;
				GCC_WARN_UNUSED_FUNCTION = YES;
				GCC_WARN_UNUSED_VARIABLE = YES;
				IPHONEOS_DEPLOYMENT_TARGET = 15.0;
				MTL_ENABLE_DEBUG_INFO = INCLUDE_SOURCE;
				MTL_FAST_MATH = YES;
				ONLY_ACTIVE_ARCH = YES;
				SDKROOT = iphoneos;
				SWIFT_ACTIVE_COMPILATION_CONDITIONS = DEBUG;
				SWIFT_OPTIMIZATION_LEVEL = "-Onone";
			};
			name = Debug;
		};
		D9F67F30278C6E3600B27F8F /* Release */ = {
			isa = XCBuildConfiguration;
			buildSettings = {
				ALWAYS_SEARCH_USER_PATHS = NO;
				CLANG_ANALYZER_NONNULL = YES;
				CLANG_ANALYZER_NUMBER_OBJECT_CONVERSION = YES_AGGRESSIVE;
				CLANG_CXX_LANGUAGE_STANDARD = "gnu++17";
				CLANG_CXX_LIBRARY = "libc++";
				CLANG_ENABLE_MODULES = YES;
				CLANG_ENABLE_OBJC_ARC = YES;
				CLANG_ENABLE_OBJC_WEAK = YES;
				CLANG_WARN_BLOCK_CAPTURE_AUTORELEASING = YES;
				CLANG_WARN_BOOL_CONVERSION = YES;
				CLANG_WARN_COMMA = YES;
				CLANG_WARN_CONSTANT_CONVERSION = YES;
				CLANG_WARN_DEPRECATED_OBJC_IMPLEMENTATIONS = YES;
				CLANG_WARN_DIRECT_OBJC_ISA_USAGE = YES_ERROR;
				CLANG_WARN_DOCUMENTATION_COMMENTS = YES;
				CLANG_WARN_EMPTY_BODY = YES;
				CLANG_WARN_ENUM_CONVERSION = YES;
				CLANG_WARN_INFINITE_RECURSION = YES;
				CLANG_WARN_INT_CONVERSION = YES;
				CLANG_WARN_NON_LITERAL_NULL_CONVERSION = YES;
				CLANG_WARN_OBJC_IMPLICIT_RETAIN_SELF = YES;
				CLANG_WARN_OBJC_LITERAL_CONVERSION = YES;
				CLANG_WARN_OBJC_ROOT_CLASS = YES_ERROR;
				CLANG_WARN_QUOTED_INCLUDE_IN_FRAMEWORK_HEADER = YES;
				CLANG_WARN_RANGE_LOOP_ANALYSIS = YES;
				CLANG_WARN_STRICT_PROTOTYPES = YES;
				CLANG_WARN_SUSPICIOUS_MOVE = YES;
				CLANG_WARN_UNGUARDED_AVAILABILITY = YES_AGGRESSIVE;
				CLANG_WARN_UNREACHABLE_CODE = YES;
				CLANG_WARN__DUPLICATE_METHOD_MATCH = YES;
				COPY_PHASE_STRIP = NO;
				DEBUG_INFORMATION_FORMAT = "dwarf-with-dsym";
				ENABLE_NS_ASSERTIONS = NO;
				ENABLE_STRICT_OBJC_MSGSEND = YES;
				GCC_C_LANGUAGE_STANDARD = gnu11;
				GCC_NO_COMMON_BLOCKS = YES;
				GCC_WARN_64_TO_32_BIT_CONVERSION = YES;
				GCC_WARN_ABOUT_RETURN_TYPE = YES_ERROR;
				GCC_WARN_UNDECLARED_SELECTOR = YES;
				GCC_WARN_UNINITIALIZED_AUTOS = YES_AGGRESSIVE;
				GCC_WARN_UNUSED_FUNCTION = YES;
				GCC_WARN_UNUSED_VARIABLE = YES;
				IPHONEOS_DEPLOYMENT_TARGET = 15.0;
				MTL_ENABLE_DEBUG_INFO = NO;
				MTL_FAST_MATH = YES;
				SDKROOT = iphoneos;
				SWIFT_COMPILATION_MODE = wholemodule;
				SWIFT_OPTIMIZATION_LEVEL = "-O";
				VALIDATE_PRODUCT = YES;
			};
			name = Release;
		};
		D9F67F32278C6E3600B27F8F /* Debug */ = {
			isa = XCBuildConfiguration;
			baseConfigurationReference = F884EA618CD9628A1904B49F /* Pods-challenge.debug.xcconfig */;
			buildSettings = {
				ASSETCATALOG_COMPILER_APPICON_NAME = AppIcon;
				ASSETCATALOG_COMPILER_GLOBAL_ACCENT_COLOR_NAME = AccentColor;
				CODE_SIGN_STYLE = Automatic;
				CURRENT_PROJECT_VERSION = 1;
				GENERATE_INFOPLIST_FILE = YES;
				INFOPLIST_FILE = challenge/Info.plist;
				INFOPLIST_KEY_UIApplicationSupportsIndirectInputEvents = YES;
				INFOPLIST_KEY_UILaunchStoryboardName = LaunchScreen;
				INFOPLIST_KEY_UIMainStoryboardFile = Main;
				INFOPLIST_KEY_UISupportedInterfaceOrientations_iPad = "UIInterfaceOrientationPortrait UIInterfaceOrientationPortraitUpsideDown UIInterfaceOrientationLandscapeLeft UIInterfaceOrientationLandscapeRight";
				INFOPLIST_KEY_UISupportedInterfaceOrientations_iPhone = "UIInterfaceOrientationPortrait UIInterfaceOrientationLandscapeLeft UIInterfaceOrientationLandscapeRight";
				LD_RUNPATH_SEARCH_PATHS = (
					"$(inherited)",
					"@executable_path/Frameworks",
				);
				MARKETING_VERSION = 1.0;
				PRODUCT_BUNDLE_IDENTIFIER = Souhoola.challenge;
				PRODUCT_NAME = "$(TARGET_NAME)";
				SWIFT_EMIT_LOC_STRINGS = YES;
				SWIFT_VERSION = 5.0;
				TARGETED_DEVICE_FAMILY = "1,2";
			};
			name = Debug;
		};
		D9F67F33278C6E3600B27F8F /* Release */ = {
			isa = XCBuildConfiguration;
			baseConfigurationReference = F3D44CE2171FA17C46449BF8 /* Pods-challenge.release.xcconfig */;
			buildSettings = {
				ASSETCATALOG_COMPILER_APPICON_NAME = AppIcon;
				ASSETCATALOG_COMPILER_GLOBAL_ACCENT_COLOR_NAME = AccentColor;
				CODE_SIGN_STYLE = Automatic;
				CURRENT_PROJECT_VERSION = 1;
				GENERATE_INFOPLIST_FILE = YES;
				INFOPLIST_FILE = challenge/Info.plist;
				INFOPLIST_KEY_UIApplicationSupportsIndirectInputEvents = YES;
				INFOPLIST_KEY_UILaunchStoryboardName = LaunchScreen;
				INFOPLIST_KEY_UIMainStoryboardFile = Main;
				INFOPLIST_KEY_UISupportedInterfaceOrientations_iPad = "UIInterfaceOrientationPortrait UIInterfaceOrientationPortraitUpsideDown UIInterfaceOrientationLandscapeLeft UIInterfaceOrientationLandscapeRight";
				INFOPLIST_KEY_UISupportedInterfaceOrientations_iPhone = "UIInterfaceOrientationPortrait UIInterfaceOrientationLandscapeLeft UIInterfaceOrientationLandscapeRight";
				LD_RUNPATH_SEARCH_PATHS = (
					"$(inherited)",
					"@executable_path/Frameworks",
				);
				MARKETING_VERSION = 1.0;
				PRODUCT_BUNDLE_IDENTIFIER = Souhoola.challenge;
				PRODUCT_NAME = "$(TARGET_NAME)";
				SWIFT_EMIT_LOC_STRINGS = YES;
				SWIFT_VERSION = 5.0;
				TARGETED_DEVICE_FAMILY = "1,2";
			};
			name = Release;
		};
		D9F67F35278C6E3600B27F8F /* Debug */ = {
			isa = XCBuildConfiguration;
			baseConfigurationReference = 3D6E3EBA5DA135C9DD92D87D /* Pods-challengeTests.debug.xcconfig */;
			buildSettings = {
				ALWAYS_EMBED_SWIFT_STANDARD_LIBRARIES = YES;
				BUNDLE_LOADER = "$(TEST_HOST)";
				CODE_SIGN_STYLE = Automatic;
				CURRENT_PROJECT_VERSION = 1;
				GENERATE_INFOPLIST_FILE = YES;
				IPHONEOS_DEPLOYMENT_TARGET = 15.0;
				LD_RUNPATH_SEARCH_PATHS = (
					"$(inherited)",
					"@executable_path/Frameworks",
					"@loader_path/Frameworks",
				);
				MARKETING_VERSION = 1.0;
				PRODUCT_BUNDLE_IDENTIFIER = Souhoola.challengeTests;
				PRODUCT_NAME = "$(TARGET_NAME)";
				SWIFT_EMIT_LOC_STRINGS = NO;
				SWIFT_VERSION = 5.0;
				TARGETED_DEVICE_FAMILY = "1,2";
				TEST_HOST = "$(BUILT_PRODUCTS_DIR)/challenge.app/challenge";
			};
			name = Debug;
		};
		D9F67F36278C6E3600B27F8F /* Release */ = {
			isa = XCBuildConfiguration;
			baseConfigurationReference = 7DF2376DC05F08EDA3EC9F16 /* Pods-challengeTests.release.xcconfig */;
			buildSettings = {
				ALWAYS_EMBED_SWIFT_STANDARD_LIBRARIES = YES;
				BUNDLE_LOADER = "$(TEST_HOST)";
				CODE_SIGN_STYLE = Automatic;
				CURRENT_PROJECT_VERSION = 1;
				GENERATE_INFOPLIST_FILE = YES;
				IPHONEOS_DEPLOYMENT_TARGET = 15.0;
				LD_RUNPATH_SEARCH_PATHS = (
					"$(inherited)",
					"@executable_path/Frameworks",
					"@loader_path/Frameworks",
				);
				MARKETING_VERSION = 1.0;
				PRODUCT_BUNDLE_IDENTIFIER = Souhoola.challengeTests;
				PRODUCT_NAME = "$(TARGET_NAME)";
				SWIFT_EMIT_LOC_STRINGS = NO;
				SWIFT_VERSION = 5.0;
				TARGETED_DEVICE_FAMILY = "1,2";
				TEST_HOST = "$(BUILT_PRODUCTS_DIR)/challenge.app/challenge";
			};
			name = Release;
		};
		D9F67F38278C6E3600B27F8F /* Debug */ = {
			isa = XCBuildConfiguration;
			baseConfigurationReference = 9C98FC935EF7665FEF1823B8 /* Pods-challenge-challengeUITests.debug.xcconfig */;
			buildSettings = {
				ALWAYS_EMBED_SWIFT_STANDARD_LIBRARIES = YES;
				CODE_SIGN_STYLE = Automatic;
				CURRENT_PROJECT_VERSION = 1;
				GENERATE_INFOPLIST_FILE = YES;
				LD_RUNPATH_SEARCH_PATHS = (
					"$(inherited)",
					"@executable_path/Frameworks",
					"@loader_path/Frameworks",
				);
				MARKETING_VERSION = 1.0;
				PRODUCT_BUNDLE_IDENTIFIER = Souhoola.challengeUITests;
				PRODUCT_NAME = "$(TARGET_NAME)";
				SWIFT_EMIT_LOC_STRINGS = NO;
				SWIFT_VERSION = 5.0;
				TARGETED_DEVICE_FAMILY = "1,2";
				TEST_TARGET_NAME = challenge;
			};
			name = Debug;
		};
		D9F67F39278C6E3600B27F8F /* Release */ = {
			isa = XCBuildConfiguration;
			baseConfigurationReference = A37D4CF96013D1DB7440303A /* Pods-challenge-challengeUITests.release.xcconfig */;
			buildSettings = {
				ALWAYS_EMBED_SWIFT_STANDARD_LIBRARIES = YES;
				CODE_SIGN_STYLE = Automatic;
				CURRENT_PROJECT_VERSION = 1;
				GENERATE_INFOPLIST_FILE = YES;
				LD_RUNPATH_SEARCH_PATHS = (
					"$(inherited)",
					"@executable_path/Frameworks",
					"@loader_path/Frameworks",
				);
				MARKETING_VERSION = 1.0;
				PRODUCT_BUNDLE_IDENTIFIER = Souhoola.challengeUITests;
				PRODUCT_NAME = "$(TARGET_NAME)";
				SWIFT_EMIT_LOC_STRINGS = NO;
				SWIFT_VERSION = 5.0;
				TARGETED_DEVICE_FAMILY = "1,2";
				TEST_TARGET_NAME = challenge;
			};
			name = Release;
		};
/* End XCBuildConfiguration section */

/* Begin XCConfigurationList section */
		D9F67EFF278C6E3400B27F8F /* Build configuration list for PBXProject "challenge" */ = {
			isa = XCConfigurationList;
			buildConfigurations = (
				D9F67F2F278C6E3600B27F8F /* Debug */,
				D9F67F30278C6E3600B27F8F /* Release */,
			);
			defaultConfigurationIsVisible = 0;
			defaultConfigurationName = Release;
		};
		D9F67F31278C6E3600B27F8F /* Build configuration list for PBXNativeTarget "challenge" */ = {
			isa = XCConfigurationList;
			buildConfigurations = (
				D9F67F32278C6E3600B27F8F /* Debug */,
				D9F67F33278C6E3600B27F8F /* Release */,
			);
			defaultConfigurationIsVisible = 0;
			defaultConfigurationName = Release;
		};
		D9F67F34278C6E3600B27F8F /* Build configuration list for PBXNativeTarget "challengeTests" */ = {
			isa = XCConfigurationList;
			buildConfigurations = (
				D9F67F35278C6E3600B27F8F /* Debug */,
				D9F67F36278C6E3600B27F8F /* Release */,
			);
			defaultConfigurationIsVisible = 0;
			defaultConfigurationName = Release;
		};
		D9F67F37278C6E3600B27F8F /* Build configuration list for PBXNativeTarget "challengeUITests" */ = {
			isa = XCConfigurationList;
			buildConfigurations = (
				D9F67F38278C6E3600B27F8F /* Debug */,
				D9F67F39278C6E3600B27F8F /* Release */,
			);
			defaultConfigurationIsVisible = 0;
			defaultConfigurationName = Release;
		};
/* End XCConfigurationList section */

/* Begin XCVersionGroup section */
		D9F67F10278C6E3400B27F8F /* challenge.xcdatamodeld */ = {
			isa = XCVersionGroup;
			children = (
				D9F67F11278C6E3400B27F8F /* challenge.xcdatamodel */,
			);
			currentVersion = D9F67F11278C6E3400B27F8F /* challenge.xcdatamodel */;
			path = challenge.xcdatamodeld;
			sourceTree = "<group>";
			versionGroupType = wrapper.xcdatamodel;
		};
/* End XCVersionGroup section */
	};
	rootObject = D9F67EFC278C6E3400B27F8F /* Project object */;
}
